
Microsoft Visual Studio Solution File, Format Version 12.00
# Visual Studio Express 2012 for Web
Project("{FAE04EC0-301F-11D3-BF4B-00C04F79EFBC}") = "Seekers", "Seekers\Seekers.csproj", "{D061A74B-D796-4B68-812E-A85D3793DC4E}"
EndProject
Project("{FAE04EC0-301F-11D3-BF4B-00C04F79EFBC}") = "Seekers.Tests", "Seekers.Tests\Seekers.Tests.csproj", "{D3015E60-0100-4931-A2C4-FF54783256F6}"
EndProject
Global
	GlobalSection(SolutionConfigurationPlatforms) = preSolution
		Debug|Any CPU = Debug|Any CPU
		Release|Any CPU = Release|Any CPU
	EndGlobalSection
	GlobalSection(ProjectConfigurationPlatforms) = postSolution
		{D061A74B-D796-4B68-812E-A85D3793DC4E}.Debug|Any CPU.ActiveCfg = Debug|Any CPU
		{D061A74B-D796-4B68-812E-A85D3793DC4E}.Debug|Any CPU.Build.0 = Debug|Any CPU
		{D061A74B-D796-4B68-812E-A85D3793DC4E}.Release|Any CPU.ActiveCfg = Release|Any CPU
		{D061A74B-D796-4B68-812E-A85D3793DC4E}.Release|Any CPU.Build.0 = Release|Any CPU
		{D3015E60-0100-4931-A2C4-FF54783256F6}.Debug|Any CPU.ActiveCfg = Debug|Any CPU
		{D3015E60-0100-4931-A2C4-FF54783256F6}.Debug|Any CPU.Build.0 = Debug|Any CPU
		{D3015E60-0100-4931-A2C4-FF54783256F6}.Release|Any CPU.ActiveCfg = Release|Any CPU
		{D3015E60-0100-4931-A2C4-FF54783256F6}.Release|Any CPU.Build.0 = Release|Any CPU
	EndGlobalSection
	GlobalSection(SolutionProperties) = preSolution
		HideSolutionNode = FALSE
	EndGlobalSection
EndGlobal
